
Microsoft Visual Studio Solution File, Format Version 12.00
# Visual Studio Version 17
VisualStudioVersion = 17.2.32616.157
MinimumVisualStudioVersion = 10.0.40219.1
Project("{FAE04EC0-301F-11D3-BF4B-00C04F79EFBC}") = "EntroductionEF", "EntroductionEF\EntroductionEF.csproj", "{BED7C4CA-0791-45F0-8185-C6E6F9B54C6E}"
EndProject
Global
	GlobalSection(SolutionConfigurationPlatforms) = preSolution
		Debug|Any CPU = Debug|Any CPU
		Release|Any CPU = Release|Any CPU
	EndGlobalSection
	GlobalSection(ProjectConfigurationPlatforms) = postSolution
		{BED7C4CA-0791-45F0-8185-C6E6F9B54C6E}.Debug|Any CPU.ActiveCfg = Debug|Any CPU
		{BED7C4CA-0791-45F0-8185-C6E6F9B54C6E}.Debug|Any CPU.Build.0 = Debug|Any CPU
		{BED7C4CA-0791-45F0-8185-C6E6F9B54C6E}.Release|Any CPU.ActiveCfg = Release|Any CPU
		{BED7C4CA-0791-45F0-8185-C6E6F9B54C6E}.Release|Any CPU.Build.0 = Release|Any CPU
	EndGlobalSection
	GlobalSection(SolutionProperties) = preSolution
		HideSolutionNode = FALSE
	EndGlobalSection
	GlobalSection(ExtensibilityGlobals) = postSolution
		SolutionGuid = {FE7223AD-EF57-41CF-8357-6CE3FFB6B994}
	EndGlobalSection
EndGlobal
